
Microsoft Visual Studio Solution File, Format Version 12.00
# Visual Studio Version 16
VisualStudioVersion = 16.0.32602.291
MinimumVisualStudioVersion = 10.0.40219.1
Project("{8BC9CEB8-8B4A-11D0-8D11-00A0C91BC942}") = "prictika", "prictika\prictika.vcxproj", "{34E504D4-7AB8-4FAE-B7B7-7A5DEE56173F}"
EndProject
Global
	GlobalSection(SolutionConfigurationPlatforms) = preSolution
		Debug|x64 = Debug|x64
		Debug|x86 = Debug|x86
		Release|x64 = Release|x64
		Release|x86 = Release|x86
	EndGlobalSection
	GlobalSection(ProjectConfigurationPlatforms) = postSolution
		{34E504D4-7AB8-4FAE-B7B7-7A5DEE56173F}.Debug|x64.ActiveCfg = Debug|x64
		{34E504D4-7AB8-4FAE-B7B7-7A5DEE56173F}.Debug|x64.Build.0 = Debug|x64
		{34E504D4-7AB8-4FAE-B7B7-7A5DEE56173F}.Debug|x86.ActiveCfg = Debug|Win32
		{34E504D4-7AB8-4FAE-B7B7-7A5DEE56173F}.Debug|x86.Build.0 = Debug|Win32
		{34E504D4-7AB8-4FAE-B7B7-7A5DEE56173F}.Release|x64.ActiveCfg = Release|x64
		{34E504D4-7AB8-4FAE-B7B7-7A5DEE56173F}.Release|x64.Build.0 = Release|x64
		{34E504D4-7AB8-4FAE-B7B7-7A5DEE56173F}.Release|x86.ActiveCfg = Release|Win32
		{34E504D4-7AB8-4FAE-B7B7-7A5DEE56173F}.Release|x86.Build.0 = Release|Win32
	EndGlobalSection
	GlobalSection(SolutionProperties) = preSolution
		HideSolutionNode = FALSE
	EndGlobalSection
	GlobalSection(ExtensibilityGlobals) = postSolution
		SolutionGuid = {2ECD9BD3-3CD5-44BA-99E8-8C92C5004E67}
	EndGlobalSection
EndGlobal
